
Microsoft Visual Studio Solution File, Format Version 12.00
# Visual Studio 14
VisualStudioVersion = 14.0.25420.1
MinimumVisualStudioVersion = 10.0.40219.1
Project("{FAE04EC0-301F-11D3-BF4B-00C04F79EFBC}") = "Publisher", "Publisher\Publisher.csproj", "{62EB33D9-001F-4180-BBA7-87E885C599DB}"
EndProject
Project("{FAE04EC0-301F-11D3-BF4B-00C04F79EFBC}") = "Messages", "Messages\Messages.csproj", "{DC20EEDF-4104-49F8-884B-03295962D4F0}"
EndProject
Project("{FAE04EC0-301F-11D3-BF4B-00C04F79EFBC}") = "MessagingFrameworkContainerSubscriber", "MessagingFrameworkContainerSubscriber\MessagingFrameworkContainerSubscriber.csproj", "{5B6B8A8F-1F41-415F-9F00-BE92A03AB635}"
EndProject
Project("{FAE04EC0-301F-11D3-BF4B-00C04F79EFBC}") = "ExternalContainerSubscriber", "ExternalContainerSubscriber\ExternalContainerSubscriber.csproj", "{1A24A0CC-54EC-4A73-BF1A-A512D25627D4}"
EndProject
Project("{FAE04EC0-301F-11D3-BF4B-00C04F79EFBC}") = "NoContainerSubscriber", "NoContainerSubscriber\NoContainerSubscriber.csproj", "{DDF89C42-E21A-493B-B3EE-16F9C194957B}"
EndProject
Global
	GlobalSection(SolutionConfigurationPlatforms) = preSolution
		Debug|Any CPU = Debug|Any CPU
		Release|Any CPU = Release|Any CPU
	EndGlobalSection
	GlobalSection(ProjectConfigurationPlatforms) = postSolution
		{62EB33D9-001F-4180-BBA7-87E885C599DB}.Debug|Any CPU.ActiveCfg = Debug|Any CPU
		{62EB33D9-001F-4180-BBA7-87E885C599DB}.Debug|Any CPU.Build.0 = Debug|Any CPU
		{62EB33D9-001F-4180-BBA7-87E885C599DB}.Release|Any CPU.ActiveCfg = Release|Any CPU
		{62EB33D9-001F-4180-BBA7-87E885C599DB}.Release|Any CPU.Build.0 = Release|Any CPU
		{DC20EEDF-4104-49F8-884B-03295962D4F0}.Debug|Any CPU.ActiveCfg = Debug|Any CPU
		{DC20EEDF-4104-49F8-884B-03295962D4F0}.Debug|Any CPU.Build.0 = Debug|Any CPU
		{DC20EEDF-4104-49F8-884B-03295962D4F0}.Release|Any CPU.ActiveCfg = Release|Any CPU
		{DC20EEDF-4104-49F8-884B-03295962D4F0}.Release|Any CPU.Build.0 = Release|Any CPU
		{5B6B8A8F-1F41-415F-9F00-BE92A03AB635}.Debug|Any CPU.ActiveCfg = Debug|Any CPU
		{5B6B8A8F-1F41-415F-9F00-BE92A03AB635}.Debug|Any CPU.Build.0 = Debug|Any CPU
		{5B6B8A8F-1F41-415F-9F00-BE92A03AB635}.Release|Any CPU.ActiveCfg = Release|Any CPU
		{5B6B8A8F-1F41-415F-9F00-BE92A03AB635}.Release|Any CPU.Build.0 = Release|Any CPU
		{1A24A0CC-54EC-4A73-BF1A-A512D25627D4}.Debug|Any CPU.ActiveCfg = Debug|Any CPU
		{1A24A0CC-54EC-4A73-BF1A-A512D25627D4}.Debug|Any CPU.Build.0 = Debug|Any CPU
		{1A24A0CC-54EC-4A73-BF1A-A512D25627D4}.Release|Any CPU.ActiveCfg = Release|Any CPU
		{1A24A0CC-54EC-4A73-BF1A-A512D25627D4}.Release|Any CPU.Build.0 = Release|Any CPU
		{DDF89C42-E21A-493B-B3EE-16F9C194957B}.Debug|Any CPU.ActiveCfg = Debug|Any CPU
		{DDF89C42-E21A-493B-B3EE-16F9C194957B}.Debug|Any CPU.Build.0 = Debug|Any CPU
		{DDF89C42-E21A-493B-B3EE-16F9C194957B}.Release|Any CPU.ActiveCfg = Release|Any CPU
		{DDF89C42-E21A-493B-B3EE-16F9C194957B}.Release|Any CPU.Build.0 = Release|Any CPU
	EndGlobalSection
	GlobalSection(SolutionProperties) = preSolution
		HideSolutionNode = FALSE
	EndGlobalSection
EndGlobal
